
Microsoft Visual Studio Solution File, Format Version 12.00
# Visual Studio Version 16
VisualStudioVersion = 16.0.30517.126
MinimumVisualStudioVersion = 10.0.40219.1
Project("{FAE04EC0-301F-11D3-BF4B-00C04F79EFBC}") = "OOPListAndObjects", "OOPListAndObjects\OOPListAndObjects.csproj", "{A207E0D1-6019-43E3-9489-295940D3FB2A}"
EndProject
Global
	GlobalSection(SolutionConfigurationPlatforms) = preSolution
		Debug|Any CPU = Debug|Any CPU
		Release|Any CPU = Release|Any CPU
	EndGlobalSection
	GlobalSection(ProjectConfigurationPlatforms) = postSolution
		{A207E0D1-6019-43E3-9489-295940D3FB2A}.Debug|Any CPU.ActiveCfg = Debug|Any CPU
		{A207E0D1-6019-43E3-9489-295940D3FB2A}.Debug|Any CPU.Build.0 = Debug|Any CPU
		{A207E0D1-6019-43E3-9489-295940D3FB2A}.Release|Any CPU.ActiveCfg = Release|Any CPU
		{A207E0D1-6019-43E3-9489-295940D3FB2A}.Release|Any CPU.Build.0 = Release|Any CPU
	EndGlobalSection
	GlobalSection(SolutionProperties) = preSolution
		HideSolutionNode = FALSE
	EndGlobalSection
	GlobalSection(ExtensibilityGlobals) = postSolution
		SolutionGuid = {75322424-4457-44F3-9F52-7644BB810DBC}
	EndGlobalSection
EndGlobal
